
Microsoft Visual Studio Solution File, Format Version 12.00
# Visual Studio 15
VisualStudioVersion = 15.0.28307.757
MinimumVisualStudioVersion = 10.0.40219.1
Project("{FAE04EC0-301F-11D3-BF4B-00C04F79EFBC}") = "Library", "Library\Library.csproj", "{2AB02556-2877-45C7-8AAB-9251ED8979D4}"
EndProject
Global
	GlobalSection(SolutionConfigurationPlatforms) = preSolution
		Debug|Any CPU = Debug|Any CPU
		Release|Any CPU = Release|Any CPU
	EndGlobalSection
	GlobalSection(ProjectConfigurationPlatforms) = postSolution
		{2AB02556-2877-45C7-8AAB-9251ED8979D4}.Debug|Any CPU.ActiveCfg = Debug|Any CPU
		{2AB02556-2877-45C7-8AAB-9251ED8979D4}.Debug|Any CPU.Build.0 = Debug|Any CPU
		{2AB02556-2877-45C7-8AAB-9251ED8979D4}.Release|Any CPU.ActiveCfg = Release|Any CPU
		{2AB02556-2877-45C7-8AAB-9251ED8979D4}.Release|Any CPU.Build.0 = Release|Any CPU
	EndGlobalSection
	GlobalSection(SolutionProperties) = preSolution
		HideSolutionNode = FALSE
	EndGlobalSection
	GlobalSection(ExtensibilityGlobals) = postSolution
		SolutionGuid = {400B0AA6-E584-4815-B8EC-D52E64BF253A}
	EndGlobalSection
EndGlobal
